
Microsoft Visual Studio Solution File, Format Version 12.00
# Visual Studio Version 17
VisualStudioVersion = 17.3.32825.248
MinimumVisualStudioVersion = 10.0.40219.1
Project("{FAE04EC0-301F-11D3-BF4B-00C04F79EFBC}") = "Проводник", "Проводник\Проводник.csproj", "{5C89C162-824B-4783-B7B4-62E93FF9A3C5}"
EndProject
Global
	GlobalSection(SolutionConfigurationPlatforms) = preSolution
		Debug|Any CPU = Debug|Any CPU
		Release|Any CPU = Release|Any CPU
	EndGlobalSection
	GlobalSection(ProjectConfigurationPlatforms) = postSolution
		{5C89C162-824B-4783-B7B4-62E93FF9A3C5}.Debug|Any CPU.ActiveCfg = Debug|Any CPU
		{5C89C162-824B-4783-B7B4-62E93FF9A3C5}.Debug|Any CPU.Build.0 = Debug|Any CPU
		{5C89C162-824B-4783-B7B4-62E93FF9A3C5}.Release|Any CPU.ActiveCfg = Release|Any CPU
		{5C89C162-824B-4783-B7B4-62E93FF9A3C5}.Release|Any CPU.Build.0 = Release|Any CPU
	EndGlobalSection
	GlobalSection(SolutionProperties) = preSolution
		HideSolutionNode = FALSE
	EndGlobalSection
	GlobalSection(ExtensibilityGlobals) = postSolution
		SolutionGuid = {716D00FF-F178-4221-9208-BF699A9F3016}
	EndGlobalSection
EndGlobal
